schema: '2.0'
stages:
  train:
    cmd: python src/train.py
    deps:
    - path: data
      md5: 07b0578d77b2951586de3012dc94603d.dir
      size: 252180267
      nfiles: 8001
    - path: src/train.py
      md5: a77d1b0221d7e9bed7df83bb436811e1
      size: 1566
    params:
      params.yaml:
        process.batch_size: 64
        train.epochs: 10
        train.lr: 0.001
    outs:
    - path: loss.csv
      md5: d693f0c1acd53df372e20f026ac78d74
      size: 194
    - path: metrics.json
      md5: 56c7e1a352c92f9044658fff70eaef52
      size: 21
