schema: '2.0'
stages:
  train:
    cmd: python src/train.py
    deps:
    - path: data
      md5: 07b0578d77b2951586de3012dc94603d.dir
      size: 252180267
      nfiles: 8001
    - path: src/train.py
      md5: e0ec85a1300b85d1744bd26fe31135a7
      size: 1546
    params:
      params.yaml:
        process.batch_size: 64
        train.epochs: 10
        train.lr: 0.004
    outs:
    - path: loss.csv
      md5: 1b15988398428d73b92779a372d09a2f
      size: 197
    - path: matrix.csv
      md5: 10218a4284b2fcf96ad692e816eb92bf
      size: 6942
    - path: metrics.json
      md5: 6adfe39f665eb92f845e1a79d3dfb8f9
      size: 20
    - path: model_weights.h5
      md5: e425102ed507866256712e9fc9b40db3
      size: 19558008
    - path: val_loss.csv
      md5: 86b8fea86f82f7bc51af9e348b8e07f7
      size: 200
